// !$*UTF8*$!
{
	archiveVersion = 1;
	classes = {
	};
	objectVersion = 46;
	objects = {

/* Begin PBXBuildFile section */
		E105E19A1B620255004343CC /* AppDelegate.swift in Sources */ = {isa = PBXBuildFile; fileRef = E105E1991B620255004343CC /* AppDelegate.swift */; };
		E105E19D1B620255004343CC /* CoreDataDemo.xcdatamodeld in Sources */ = {isa = PBXBuildFile; fileRef = E105E19B1B620255004343CC /* CoreDataDemo.xcdatamodeld */; };
		E105E19F1B620255004343CC /* ViewController.swift in Sources */ = {isa = PBXBuildFile; fileRef = E105E19E1B620255004343CC /* ViewController.swift */; };
		E105E1A21B620255004343CC /* Main.storyboard in Resources */ = {isa = PBXBuildFile; fileRef = E105E1A01B620255004343CC /* Main.storyboard */; };
		E105E1A41B620255004343CC /* Images.xcassets in Resources */ = {isa = PBXBuildFile; fileRef = E105E1A31B620255004343CC /* Images.xcassets */; };
		E105E1A71B620255004343CC /* LaunchScreen.xib in Resources */ = {isa = PBXBuildFile; fileRef = E105E1A51B620255004343CC /* LaunchScreen.xib */; };
		E105E1B31B620255004343CC /* CoreDataDemoTests.swift in Sources */ = {isa = PBXBuildFile; fileRef = E105E1B21B620255004343CC /* CoreDataDemoTests.swift */; };
/* End PBXBuildFile section */

/* Begin PBXContainerItemProxy section */
		E105E1AD1B620255004343CC /* PBXContainerItemProxy */ = {
			isa = PBXContainerItemProxy;
			containerPortal = E105E18C1B620255004343CC /* Project object */;
			proxyType = 1;
			remoteGlobalIDString = E105E1931B620255004343CC;
			remoteInfo = CoreDataDemo;
		};
/* End PBXContainerItemProxy section */

/* Begin PBXFileReference section */
		E105E1941B620255004343CC /* CoreDataDemo.app */ = {isa = PBXFileReference; explicitFileType = wrapper.application; includeInIndex = 0; path = CoreDataDemo.app; sourceTree = BUILT_PRODUCTS_DIR; };
		E105E1981B620255004343CC /* Info.plist */ = {isa = PBXFileReference; lastKnownFileType = text.plist.xml; path = Info.plist; sourceTree = "<group>"; };
		E105E1991B620255004343CC /* AppDelegate.swift */ = {isa = PBXFileReference; lastKnownFileType = sourcecode.swift; path = AppDelegate.swift; sourceTree = "<group>"; };
		E105E19C1B620255004343CC /* CoreDataDemo.xcdatamodel */ = {isa = PBXFileReference; lastKnownFileType = wrapper.xcdatamodel; path = CoreDataDemo.xcdatamodel; sourceTree = "<group>"; };
		E105E19E1B620255004343CC /* ViewController.swift */ = {isa = PBXFileReference; lastKnownFileType = sourcecode.swift; path = ViewController.swift; sourceTree = "<group>"; };
		E105E1A11B620255004343CC /* Base */ = {isa = PBXFileReference; lastKnownFileType = file.storyboard; name = Base; path = Base.lproj/Main.storyboard; sourceTree = "<group>"; };
		E105E1A31B620255004343CC /* Images.xcassets */ = {isa = PBXFileReference; lastKnownFileType = folder.assetcatalog; path = Images.xcassets; sourceTree = "<group>"; };
		E105E1A61B620255004343CC /* Base */ = {isa = PBXFileReference; lastKnownFileType = file.xib; name = Base; path = Base.lproj/LaunchScreen.xib; sourceTree = "<group>"; };
		E105E1AC1B620255004343CC /* CoreDataDemoTests.xctest */ = {isa = PBXFileReference; explicitFileType = wrapper.cfbundle; includeInIndex = 0; path = CoreDataDemoTests.xctest; sourceTree = BUILT_PRODUCTS_DIR; };
		E105E1B11B620255004343CC /* Info.plist */ = {isa = PBXFileReference; lastKnownFileType = text.plist.xml; path = Info.plist; sourceTree = "<group>"; };
		E105E1B21B620255004343CC /* CoreDataDemoTests.swift */ = {isa = PBXFileReference; lastKnownFileType = sourcecode.swift; path = CoreDataDemoTests.swift; sourceTree = "<group>"; };
/* End PBXFileReference section */

/* Begin PBXFrameworksBuildPhase section */
		E105E1911B620255004343CC /* Frameworks */ = {
			isa = PBXFrameworksBuildPhase;
			buildActionMask = 2147483647;
			files = (
			);
			runOnlyForDeploymentPostprocessing = 0;
		};
		E105E1A91B620255004343CC /* Frameworks */ = {
			isa = PBXFrameworksBuildPhase;
			buildActionMask = 2147483647;
			files = (
			);
			runOnlyForDeploymentPostprocessing = 0;
		};
/* End PBXFrameworksBuildPhase section */

/* Begin PBXGroup section */
		E105E18B1B620255004343CC = {
			isa = PBXGroup;
			children = (
				E105E1961B620255004343CC /* CoreDataDemo */,
				E105E1AF1B620255004343CC /* CoreDataDemoTests */,
				E105E1951B620255004343CC /* Products */,
			);
			sourceTree = "<group>";
		};
		E105E1951B620255004343CC /* Products */ = {
			isa = PBXGroup;
			children = (
				E105E1941B620255004343CC /* CoreDataDemo.app */,
				E105E1AC1B620255004343CC /* CoreDataDemoTests.xctest */,
			);
			name = Products;
			sourceTree = "<group>";
		};
		E105E1961B620255004343CC /* CoreDataDemo */ = {
			isa = PBXGroup;
			children = (
				E105E1991B620255004343CC /* AppDelegate.swift */,
				E105E19E1B620255004343CC /* ViewController.swift */,
				E105E1A01B620255004343CC /* Main.storyboard */,
				E105E1A31B620255004343CC /* Images.xcassets */,
				E105E1A51B620255004343CC /* LaunchScreen.xib */,
				E105E19B1B620255004343CC /* CoreDataDemo.xcdatamodeld */,
				E105E1971B620255004343CC /* Supporting Files */,
			);
			path = CoreDataDemo;
			sourceTree = "<group>";
		};
		E105E1971B620255004343CC /* Supporting Files */ = {
			isa = PBXGroup;
			children = (
				E105E1981B620255004343CC /* Info.plist */,
			);
			name = "Supporting Files";
			sourceTree = "<group>";
		};
		E105E1AF1B620255004343CC /* CoreDataDemoTests */ = {
			isa = PBXGroup;
			children = (
				E105E1B21B620255004343CC /* CoreDataDemoTests.swift */,
				E105E1B01B620255004343CC /* Supporting Files */,
			);
			path = CoreDataDemoTests;
			sourceTree = "<group>";
		};
		E105E1B01B620255004343CC /* Supporting Files */ = {
			isa = PBXGroup;
			children = (
				E105E1B11B620255004343CC /* Info.plist */,
			);
			name = "Supporting Files";
			sourceTree = "<group>";
		};
/* End PBXGroup section */

/* Begin PBXNativeTarget section */
		E105E1931B620255004343CC /* CoreDataDemo */ = {
			isa = PBXNativeTarget;
			buildConfigurationList = E105E1B61B620255004343CC /* Build configuration list for PBXNativeTarget "CoreDataDemo" */;
			buildPhases = (
				E105E1901B620255004343CC /* Sources */,
				E105E1911B620255004343CC /* Frameworks */,
				E105E1921B620255004343CC /* Resources */,
			);
			buildRules = (
			);
			dependencies = (
			);
			name = CoreDataDemo;
			productName = CoreDataDemo;
			productReference = E105E1941B620255004343CC /* CoreDataDemo.app */;
			productType = "com.apple.product-type.application";
		};
		E105E1AB1B620255004343CC /* CoreDataDemoTests */ = {
			isa = PBXNativeTarget;
			buildConfigurationList = E105E1B91B620255004343CC /* Build configuration list for PBXNativeTarget "CoreDataDemoTests" */;
			buildPhases = (
				E105E1A81B620255004343CC /* Sources */,
				E105E1A91B620255004343CC /* Frameworks */,
				E105E1AA1B620255004343CC /* Resources */,
			);
			buildRules = (
			);
			dependencies = (
				E105E1AE1B620255004343CC /* PBXTargetDependency */,
			);
			name = CoreDataDemoTests;
			productName = CoreDataDemoTests;
			productReference = E105E1AC1B620255004343CC /* CoreDataDemoTests.xctest */;
			productType = "com.apple.product-type.bundle.unit-test";
		};
/* End PBXNativeTarget section */

/* Begin PBXProject section */
		E105E18C1B620255004343CC /* Project object */ = {
			isa = PBXProject;
			attributes = {
				LastUpgradeCheck = 0640;
				ORGANIZATIONNAME = "王文建";
				TargetAttributes = {
					E105E1931B620255004343CC = {
						CreatedOnToolsVersion = 6.4;
					};
					E105E1AB1B620255004343CC = {
						CreatedOnToolsVersion = 6.4;
						TestTargetID = E105E1931B620255004343CC;
					};
				};
			};
			buildConfigurationList = E105E18F1B620255004343CC /* Build configuration list for PBXProject "CoreDataDemo" */;
			compatibilityVersion = "Xcode 3.2";
			developmentRegion = English;
			hasScannedForEncodings = 0;
			knownRegions = (
				en,
				Base,
			);
			mainGroup = E105E18B1B620255004343CC;
			productRefGroup = E105E1951B620255004343CC /* Products */;
			projectDirPath = "";
			projectRoot = "";
			targets = (
				E105E1931B620255004343CC /* CoreDataDemo */,
				E105E1AB1B620255004343CC /* CoreDataDemoTests */,
			);
		};
/* End PBXProject section */

/* Begin PBXResourcesBuildPhase section */
		E105E1921B620255004343CC /* Resources */ = {
			isa = PBXResourcesBuildPhase;
			buildActionMask = 2147483647;
			files = (
				E105E1A21B620255004343CC /* Main.storyboard in Resources */,
				E105E1A71B620255004343CC /* LaunchScreen.xib in Resources */,
				E105E1A41B620255004343CC /* Images.xcassets in Resources */,
			);
			runOnlyForDeploymentPostprocessing = 0;
		};
		E105E1AA1B620255004343CC /* Resources */ = {
			isa = PBXResourcesBuildPhase;
			buildActionMask = 2147483647;
			files = (
			);
			runOnlyForDeploymentPostprocessing = 0;
		};
/* End PBXResourcesBuildPhase section */

/* Begin PBXSourcesBuildPhase section */
		E105E1901B620255004343CC /* Sources */ = {
			isa = PBXSourcesBuildPhase;
			buildActionMask = 2147483647;
			files = (
				E105E19F1B620255004343CC /* ViewController.swift in Sources */,
				E105E19A1B620255004343CC /* AppDelegate.swift in Sources */,
				E105E19D1B620255004343CC /* CoreDataDemo.xcdatamodeld in Sources */,
			);
			runOnlyForDeploymentPostprocessing = 0;
		};
		E105E1A81B620255004343CC /* Sources */ = {
			isa = PBXSourcesBuildPhase;
			buildActionMask = 2147483647;
			files = (
				E105E1B31B620255004343CC /* CoreDataDemoTests.swift in Sources */,
			);
			runOnlyForDeploymentPostprocessing = 0;
		};
/* End PBXSourcesBuildPhase section */

/* Begin PBXTargetDependency section */
		E105E1AE1B620255004343CC /* PBXTargetDependency */ = {
			isa = PBXTargetDependency;
			target = E105E1931B620255004343CC /* CoreDataDemo */;
			targetProxy = E105E1AD1B620255004343CC /* PBXContainerItemProxy */;
		};
/* End PBXTargetDependency section */

/* Begin PBXVariantGroup section */
		E105E1A01B620255004343CC /* Main.storyboard */ = {
			isa = PBXVariantGroup;
			children = (
				E105E1A11B620255004343CC /* Base */,
			);
			name = Main.storyboard;
			sourceTree = "<group>";
		};
		E105E1A51B620255004343CC /* LaunchScreen.xib */ = {
			isa = PBXVariantGroup;
			children = (
				E105E1A61B620255004343CC /* Base */,
			);
			name = LaunchScreen.xib;
			sourceTree = "<group>";
		};
/* End PBXVariantGroup section */

/* Begin XCBuildConfiguration section */
		E105E1B41B620255004343CC /* Debug */ = {
			isa = XCBuildConfiguration;
			buildSettings = {
				ALWAYS_SEARCH_USER_PATHS = NO;
				CLANG_CXX_LANGUAGE_STANDARD = "gnu++0x";
				CLANG_CXX_LIBRARY = "libc++";
				CLANG_ENABLE_MODULES = YES;
				CLANG_ENABLE_OBJC_ARC = YES;
				CLANG_WARN_BOOL_CONVERSION = YES;
				CLANG_WARN_CONSTANT_CONVERSION = YES;
				CLANG_WARN_DIRECT_OBJC_ISA_USAGE = YES_ERROR;
				CLANG_WARN_EMPTY_BODY = YES;
				CLANG_WARN_ENUM_CONVERSION = YES;
				CLANG_WARN_INT_CONVERSION = YES;
				CLANG_WARN_OBJC_ROOT_CLASS = YES_ERROR;
				CLANG_WARN_UNREACHABLE_CODE = YES;
				CLANG_WARN__DUPLICATE_METHOD_MATCH = YES;
				"CODE_SIGN_IDENTITY[sdk=iphoneos*]" = "iPhone Developer";
				COPY_PHASE_STRIP = NO;
				DEBUG_INFORMATION_FORMAT = "dwarf-with-dsym";
				ENABLE_STRICT_OBJC_MSGSEND = YES;
				GCC_C_LANGUAGE_STANDARD = gnu99;
				GCC_DYNAMIC_NO_PIC = NO;
				GCC_NO_COMMON_BLOCKS = YES;
				GCC_OPTIMIZATION_LEVEL = 0;
				GCC_PREPROCESSOR_DEFINITIONS = (
					"DEBUG=1",
					"$(inherited)",
				);
				GCC_SYMBOLS_PRIVATE_EXTERN = NO;
				GCC_WARN_64_TO_32_BIT_CONVERSION = YES;
				GCC_WARN_ABOUT_RETURN_TYPE = YES_ERROR;
				GCC_WARN_UNDECLARED_SELECTOR = YES;
				GCC_WARN_UNINITIALIZED_AUTOS = YES_AGGRESSIVE;
				GCC_WARN_UNUSED_FUNCTION = YES;
				GCC_WARN_UNUSED_VARIABLE = YES;
				IPHONEOS_DEPLOYMENT_TARGET = 8.4;
				MTL_ENABLE_DEBUG_INFO = YES;
				ONLY_ACTIVE_ARCH = YES;
				SDKROOT = iphoneos;
				SWIFT_OPTIMIZATION_LEVEL = "-Onone";
				TARGETED_DEVICE_FAMILY = "1,2";
			};
			name = Debug;
		};
		E105E1B51B620255004343CC /* Release */ = {
			isa = XCBuildConfiguration;
			buildSettings = {
				ALWAYS_SEARCH_USER_PATHS = NO;
				CLANG_CXX_LANGUAGE_STANDARD = "gnu++0x";
				CLANG_CXX_LIBRARY = "libc++";
				CLANG_ENABLE_MODULES = YES;
				CLANG_ENABLE_OBJC_ARC = YES;
				CLANG_WARN_BOOL_CONVERSION = YES;
				CLANG_WARN_CONSTANT_CONVERSION = YES;
				CLANG_WARN_DIRECT_OBJC_ISA_USAGE = YES_ERROR;
				CLANG_WARN_EMPTY_BODY = YES;
				CLANG_WARN_ENUM_CONVERSION = YES;
				CLANG_WARN_INT_CONVERSION = YES;
				CLANG_WARN_OBJC_ROOT_CLASS = YES_ERROR;
				CLANG_WARN_UNREACHABLE_CODE = YES;
				CLANG_WARN__DUPLICATE_METHOD_MATCH = YES;
				"CODE_SIGN_IDENTITY[sdk=iphoneos*]" = "iPhone Developer";
				COPY_PHASE_STRIP = NO;
				DEBUG_INFORMATION_FORMAT = "dwarf-with-dsym";
				ENABLE_NS_ASSERTIONS = NO;
				ENABLE_STRICT_OBJC_MSGSEND = YES;
				GCC_C_LANGUAGE_STANDARD = gnu99;
				GCC_NO_COMMON_BLOCKS = YES;
				GCC_WARN_64_TO_32_BIT_CONVERSION = YES;
				GCC_WARN_ABOUT_RETURN_TYPE = YES_ERROR;
				GCC_WARN_UNDECLARED_SELECTOR = YES;
				GCC_WARN_UNINITIALIZED_AUTOS = YES_AGGRESSIVE;
				GCC_WARN_UNUSED_FUNCTION = YES;
				GCC_WARN_UNUSED_VARIABLE = YES;
				IPHONEOS_DEPLOYMENT_TARGET = 8.4;
				MTL_ENABLE_DEBUG_INFO = NO;
				SDKROOT = iphoneos;
				TARGETED_DEVICE_FAMILY = "1,2";
				VALIDATE_PRODUCT = YES;
			};
			name = Release;
		};
		E105E1B71B620255004343CC /* Debug */ = {
			isa = XCBuildConfiguration;
			buildSettings = {
				ASSETCATALOG_COMPILER_APPICON_NAME = AppIcon;
				INFOPLIST_FILE = CoreDataDemo/Info.plist;
				LD_RUNPATH_SEARCH_PATHS = "$(inherited) @executable_path/Frameworks";
				PRODUCT_NAME = "$(TARGET_NAME)";
			};
			name = Debug;
		};
		E105E1B81B620255004343CC /* Release */ = {
			isa = XCBuildConfiguration;
			buildSettings = {
				ASSETCATALOG_COMPILER_APPICON_NAME = AppIcon;
				INFOPLIST_FILE = CoreDataDemo/Info.plist;
				LD_RUNPATH_SEARCH_PATHS = "$(inherited) @executable_path/Frameworks";
				PRODUCT_NAME = "$(TARGET_NAME)";
			};
			name = Release;
		};
		E105E1BA1B620255004343CC /* Debug */ = {
			isa = XCBuildConfiguration;
			buildSettings = {
				BUNDLE_LOADER = "$(TEST_HOST)";
				FRAMEWORK_SEARCH_PATHS = (
					"$(SDKROOT)/Developer/Library/Frameworks",
					"$(inherited)",
				);
				GCC_PREPROCESSOR_DEFINITIONS = (
					"DEBUG=1",
					"$(inherited)",
				);
				INFOPLIST_FILE = CoreDataDemoTests/Info.plist;
				LD_RUNPATH_SEARCH_PATHS = "$(inherited) @executable_path/Frameworks @loader_path/Frameworks";
				PRODUCT_NAME = "$(TARGET_NAME)";
				TEST_HOST = "$(BUILT_PRODUCTS_DIR)/CoreDataDemo.app/CoreDataDemo";
			};
			name = Debug;
		};
		E105E1BB1B620255004343CC /* Release */ = {
			isa = XCBuildConfiguration;
			buildSettings = {
				BUNDLE_LOADER = "$(TEST_HOST)";
				FRAMEWORK_SEARCH_PATHS = (
					"$(SDKROOT)/Developer/Library/Frameworks",
					"$(inherited)",
				);
				INFOPLIST_FILE = CoreDataDemoTests/Info.plist;
				LD_RUNPATH_SEARCH_PATHS = "$(inherited) @executable_path/Frameworks @loader_path/Frameworks";
				PRODUCT_NAME = "$(TARGET_NAME)";
				TEST_HOST = "$(BUILT_PRODUCTS_DIR)/CoreDataDemo.app/CoreDataDemo";
			};
			name = Release;
		};
/* End XCBuildConfiguration section */

/* Begin XCConfigurationList section */
		E105E18F1B620255004343CC /* Build configuration list for PBXProject "CoreDataDemo" */ = {
			isa = XCConfigurationList;
			buildConfigurations = (
				E105E1B41B620255004343CC /* Debug */,
				E105E1B51B620255004343CC /* Release */,
			);
			defaultConfigurationIsVisible = 0;
			defaultConfigurationName = Release;
		};
		E105E1B61B620255004343CC /* Build configuration list for PBXNativeTarget "CoreDataDemo" */ = {
			isa = XCConfigurationList;
			buildConfigurations = (
				E105E1B71B620255004343CC /* Debug */,
				E105E1B81B620255004343CC /* Release */,
			);
			defaultConfigurationIsVisible = 0;
		};
		E105E1B91B620255004343CC /* Build configuration list for PBXNativeTarget "CoreDataDemoTests" */ = {
			isa = XCConfigurationList;
			buildConfigurations = (
				E105E1BA1B620255004343CC /* Debug */,
				E105E1BB1B620255004343CC /* Release */,
			);
			defaultConfigurationIsVisible = 0;
		};
/* End XCConfigurationList section */

/* Begin XCVersionGroup section */
		E105E19B1B620255004343CC /* CoreDataDemo.xcdatamodeld */ = {
			isa = XCVersionGroup;
			children = (
				E105E19C1B620255004343CC /* CoreDataDemo.xcdatamodel */,
			);
			currentVersion = E105E19C1B620255004343CC /* CoreDataDemo.xcdatamodel */;
			path = CoreDataDemo.xcdatamodeld;
			sourceTree = "<group>";
			versionGroupType = wrapper.xcdatamodel;
		};
/* End XCVersionGroup section */
	};
	rootObject = E105E18C1B620255004343CC /* Project object */;
}
